{
  "name": "teste",
  "lockfileVersion": 3,
  "requires": true,
  "packages": {
    "": {
      "dependencies": {
        "create-next-app": "^13.4.9"
      }
    },
    "node_modules/create-next-app": {
      "version": "13.4.9",
      "resolved": "https://registry.npmjs.org/create-next-app/-/create-next-app-13.4.9.tgz",
      "integrity": "sha512-/plM3LOaJ1zIlvDWg6QK9qUV8pJy0ViuK+iqywvMxnthww3ekk4clV05tQI5jzmov5N5kDDTQRbYLTkmHG9dlw==",
      "bin": {
        "create-next-app": "dist/index.js"
      },
      "engines": {
        "node": ">=16.8.0"
      }
    }
  }
}
